// !$*UTF8*$!
{
	archiveVersion = 1;
	classes = {
	};
	objectVersion = 46;
	objects = {

/* Begin PBXBuildFile section */
		3F0A693F1EB3950500846E35 /* CoreData.xcdatamodeld in Sources */ = {isa = PBXBuildFile; fileRef = 3F0A693D1EB3950500846E35 /* CoreData.xcdatamodeld */; };
		3F1562FB1EBB563700303C60 /* BooksViewerController.swift in Sources */ = {isa = PBXBuildFile; fileRef = 3F1562FA1EBB563700303C60 /* BooksViewerController.swift */; };
		3F1562FD1EBB593400303C60 /* BookViewCell.swift in Sources */ = {isa = PBXBuildFile; fileRef = 3F1562FC1EBB593400303C60 /* BookViewCell.swift */; };
		3F1729401EE58753000986DB /* SignatureController.swift in Sources */ = {isa = PBXBuildFile; fileRef = 3F17293F1EE58753000986DB /* SignatureController.swift */; };
		3F1729461EE9DC26000986DB /* PagesReadController.swift in Sources */ = {isa = PBXBuildFile; fileRef = 3F1729451EE9DC26000986DB /* PagesReadController.swift */; };
		3F1D07301EA7907A009A0A10 /* SWRevealViewController.m in Sources */ = {isa = PBXBuildFile; fileRef = 3F1D072F1EA7907A009A0A10 /* SWRevealViewController.m */; };
		3F1D07351EA798C8009A0A10 /* LibraryViewController.swift in Sources */ = {isa = PBXBuildFile; fileRef = 3F1D07341EA798C8009A0A10 /* LibraryViewController.swift */; };
		3F1D07371EA798D8009A0A10 /* AchievementsViewController.swift in Sources */ = {isa = PBXBuildFile; fileRef = 3F1D07361EA798D8009A0A10 /* AchievementsViewController.swift */; };
		3F1D07391EA798E0009A0A10 /* CalendarViewController.swift in Sources */ = {isa = PBXBuildFile; fileRef = 3F1D07381EA798E0009A0A10 /* CalendarViewController.swift */; };
		3F1D073B1EA798EC009A0A10 /* CreditsViewController.swift in Sources */ = {isa = PBXBuildFile; fileRef = 3F1D073A1EA798EC009A0A10 /* CreditsViewController.swift */; };
		3F52DE661EA8729C00883FAF /* MenuController.swift in Sources */ = {isa = PBXBuildFile; fileRef = 3F52DE651EA8729C00883FAF /* MenuController.swift */; };
		3F6317481EE7528E00E12DF1 /* LaunchScreen.xib in Resources */ = {isa = PBXBuildFile; fileRef = 3F63173D1EE7528E00E12DF1 /* LaunchScreen.xib */; };
		3F6317491EE7528E00E12DF1 /* Main2.storyboard in Resources */ = {isa = PBXBuildFile; fileRef = 3F63173F1EE7528E00E12DF1 /* Main2.storyboard */; };
		3F63174A1EE7528E00E12DF1 /* Images.xcassets in Resources */ = {isa = PBXBuildFile; fileRef = 3F6317411EE7528E00E12DF1 /* Images.xcassets */; };
		3F63174B1EE7528E00E12DF1 /* Info.plist in Resources */ = {isa = PBXBuildFile; fileRef = 3F6317421EE7528E00E12DF1 /* Info.plist */; };
		3F63174C1EE7528E00E12DF1 /* TodoItem.swift in Sources */ = {isa = PBXBuildFile; fileRef = 3F6317431EE7528E00E12DF1 /* TodoItem.swift */; };
		3F63174D1EE7528E00E12DF1 /* TodoList.swift in Sources */ = {isa = PBXBuildFile; fileRef = 3F6317441EE7528E00E12DF1 /* TodoList.swift */; };
		3F63174E1EE7528E00E12DF1 /* TodoSchedulingViewController.swift in Sources */ = {isa = PBXBuildFile; fileRef = 3F6317451EE7528E00E12DF1 /* TodoSchedulingViewController.swift */; };
		3F63174F1EE7528E00E12DF1 /* TodoTableViewController.swift in Sources */ = {isa = PBXBuildFile; fileRef = 3F6317461EE7528E00E12DF1 /* TodoTableViewController.swift */; };
		3F7338071ECB33E600B0DB04 /* BookTitleViewController.swift in Sources */ = {isa = PBXBuildFile; fileRef = 3F7338061ECB33E600B0DB04 /* BookTitleViewController.swift */; };
		3F7338271ECC77DD00B0DB04 /* BookSaving.storyboard in Resources */ = {isa = PBXBuildFile; fileRef = 3F7338261ECC77DD00B0DB04 /* BookSaving.storyboard */; };
		3F74DAC41EAE32230074A729 /* BookScreen.storyboard in Resources */ = {isa = PBXBuildFile; fileRef = 3F74DAC01EAE32230074A729 /* BookScreen.storyboard */; };
		3F74DAC51EAE32230074A729 /* BookScreenController.swift in Sources */ = {isa = PBXBuildFile; fileRef = 3F74DAC11EAE32230074A729 /* BookScreenController.swift */; };
		3F74DAC61EAE32230074A729 /* RatingView.swift in Sources */ = {isa = PBXBuildFile; fileRef = 3F74DAC21EAE32230074A729 /* RatingView.swift */; };
		3F74DAC71EAE32230074A729 /* TimerPageController.swift in Sources */ = {isa = PBXBuildFile; fileRef = 3F74DAC31EAE32230074A729 /* TimerPageController.swift */; };
		3F74DACA1EAF86E00074A729 /* Annoying_Alarm_Clock.mp3 in Resources */ = {isa = PBXBuildFile; fileRef = 3F74DAC91EAF86E00074A729 /* Annoying_Alarm_Clock.mp3 */; };
		3F78F0051E8EAEF100091FBE /* AppDelegate.swift in Sources */ = {isa = PBXBuildFile; fileRef = 3F78F0041E8EAEF100091FBE /* AppDelegate.swift */; };
		3F78F0071E8EAEF100091FBE /* ViewController.swift in Sources */ = {isa = PBXBuildFile; fileRef = 3F78F0061E8EAEF100091FBE /* ViewController.swift */; };
		3F78F00C1E8EAEF100091FBE /* Assets.xcassets in Resources */ = {isa = PBXBuildFile; fileRef = 3F78F00B1E8EAEF100091FBE /* Assets.xcassets */; };
		3F78F00F1E8EAEF100091FBE /* LaunchScreen.storyboard in Resources */ = {isa = PBXBuildFile; fileRef = 3F78F00D1E8EAEF100091FBE /* LaunchScreen.storyboard */; };
		3FA5E9861ECDD07000390202 /* PictureViewController.swift in Sources */ = {isa = PBXBuildFile; fileRef = 3FA5E9851ECDD07000390202 /* PictureViewController.swift */; };
		3FCEE8181EC9DDA400BE725D /* Avatar.storyboard in Resources */ = {isa = PBXBuildFile; fileRef = 3FCEE8171EC9DDA400BE725D /* Avatar.storyboard */; };
		3FCEE81A1EC9DDAE00BE725D /* AvatarCollectionViewCell.swift in Sources */ = {isa = PBXBuildFile; fileRef = 3FCEE8191EC9DDAE00BE725D /* AvatarCollectionViewCell.swift */; };
		3FCEE81C1EC9DDB700BE725D /* AvatarSelectionViewController.swift in Sources */ = {isa = PBXBuildFile; fileRef = 3FCEE81B1EC9DDB700BE725D /* AvatarSelectionViewController.swift */; };
		3FCEE81E1EC9DDC600BE725D /* AvatarViewController.swift in Sources */ = {isa = PBXBuildFile; fileRef = 3FCEE81D1EC9DDC600BE725D /* AvatarViewController.swift */; };
		3FCEE8201EC9DDF200BE725D /* HomeViewController.swift in Sources */ = {isa = PBXBuildFile; fileRef = 3FCEE81F1EC9DDF200BE725D /* HomeViewController.swift */; };
		3FCEE8281EC9DE3000BE725D /* WelcomeViewController.swift in Sources */ = {isa = PBXBuildFile; fileRef = 3FCEE8271EC9DE3000BE725D /* WelcomeViewController.swift */; };
		3FCEE82A1EC9E0DB00BE725D /* Main.storyboard in Resources */ = {isa = PBXBuildFile; fileRef = 3FCEE8291EC9E0DB00BE725D /* Main.storyboard */; };
		3FE6BB351EE78C2400231940 /* TutorialViewController.swift in Sources */ = {isa = PBXBuildFile; fileRef = 3FE6BB341EE78C2400231940 /* TutorialViewController.swift */; };
/* End PBXBuildFile section */

/* Begin PBXFileReference section */
		3F0A693E1EB3950500846E35 /* CoreData.xcdatamodel */ = {isa = PBXFileReference; lastKnownFileType = wrapper.xcdatamodel; path = CoreData.xcdatamodel; sourceTree = "<group>"; };
		3F1562FA1EBB563700303C60 /* BooksViewerController.swift */ = {isa = PBXFileReference; fileEncoding = 4; lastKnownFileType = sourcecode.swift; path = BooksViewerController.swift; sourceTree = "<group>"; };
		3F1562FC1EBB593400303C60 /* BookViewCell.swift */ = {isa = PBXFileReference; fileEncoding = 4; lastKnownFileType = sourcecode.swift; path = BookViewCell.swift; sourceTree = "<group>"; };
		3F17293F1EE58753000986DB /* SignatureController.swift */ = {isa = PBXFileReference; fileEncoding = 4; lastKnownFileType = sourcecode.swift; path = SignatureController.swift; sourceTree = "<group>"; };
		3F1729451EE9DC26000986DB /* PagesReadController.swift */ = {isa = PBXFileReference; fileEncoding = 4; lastKnownFileType = sourcecode.swift; path = PagesReadController.swift; sourceTree = "<group>"; };
		3F1D072C1EA79079009A0A10 /* iOSGroupProject-Bridging-Header.h */ = {isa = PBXFileReference; lastKnownFileType = sourcecode.c.h; path = "iOSGroupProject-Bridging-Header.h"; sourceTree = "<group>"; };
		3F1D072D1EA7907A009A0A10 /* SidebarMenu-Bridging-Header.h */ = {isa = PBXFileReference; fileEncoding = 4; lastKnownFileType = sourcecode.c.h; path = "SidebarMenu-Bridging-Header.h"; sourceTree = "<group>"; };
		3F1D072E1EA7907A009A0A10 /* SWRevealViewController.h */ = {isa = PBXFileReference; fileEncoding = 4; lastKnownFileType = sourcecode.c.h; path = SWRevealViewController.h; sourceTree = "<group>"; };
		3F1D072F1EA7907A009A0A10 /* SWRevealViewController.m */ = {isa = PBXFileReference; fileEncoding = 4; lastKnownFileType = sourcecode.c.objc; path = SWRevealViewController.m; sourceTree = "<group>"; };
		3F1D07341EA798C8009A0A10 /* LibraryViewController.swift */ = {isa = PBXFileReference; fileEncoding = 4; lastKnownFileType = sourcecode.swift; path = LibraryViewController.swift; sourceTree = "<group>"; };
		3F1D07361EA798D8009A0A10 /* AchievementsViewController.swift */ = {isa = PBXFileReference; fileEncoding = 4; lastKnownFileType = sourcecode.swift; path = AchievementsViewController.swift; sourceTree = "<group>"; };
		3F1D07381EA798E0009A0A10 /* CalendarViewController.swift */ = {isa = PBXFileReference; fileEncoding = 4; lastKnownFileType = sourcecode.swift; path = CalendarViewController.swift; sourceTree = "<group>"; };
		3F1D073A1EA798EC009A0A10 /* CreditsViewController.swift */ = {isa = PBXFileReference; fileEncoding = 4; lastKnownFileType = sourcecode.swift; path = CreditsViewController.swift; sourceTree = "<group>"; };
		3F52DE651EA8729C00883FAF /* MenuController.swift */ = {isa = PBXFileReference; fileEncoding = 4; lastKnownFileType = sourcecode.swift; path = MenuController.swift; sourceTree = "<group>"; };
		3F63173E1EE7528E00E12DF1 /* Base */ = {isa = PBXFileReference; lastKnownFileType = file.xib; name = Base; path = Base.lproj/LaunchScreen.xib; sourceTree = "<group>"; };
		3F6317401EE7528E00E12DF1 /* Base */ = {isa = PBXFileReference; lastKnownFileType = file.storyboard; name = Base; path = Base.lproj/Main2.storyboard; sourceTree = "<group>"; };
		3F6317411EE7528E00E12DF1 /* Images.xcassets */ = {isa = PBXFileReference; lastKnownFileType = folder.assetcatalog; path = Images.xcassets; sourceTree = "<group>"; };
		3F6317421EE7528E00E12DF1 /* Info.plist */ = {isa = PBXFileReference; fileEncoding = 4; lastKnownFileType = text.plist.xml; path = Info.plist; sourceTree = "<group>"; };
		3F6317431EE7528E00E12DF1 /* TodoItem.swift */ = {isa = PBXFileReference; fileEncoding = 4; lastKnownFileType = sourcecode.swift; path = TodoItem.swift; sourceTree = "<group>"; };
		3F6317441EE7528E00E12DF1 /* TodoList.swift */ = {isa = PBXFileReference; fileEncoding = 4; lastKnownFileType = sourcecode.swift; path = TodoList.swift; sourceTree = "<group>"; };
		3F6317451EE7528E00E12DF1 /* TodoSchedulingViewController.swift */ = {isa = PBXFileReference; fileEncoding = 4; lastKnownFileType = sourcecode.swift; path = TodoSchedulingViewController.swift; sourceTree = "<group>"; };
		3F6317461EE7528E00E12DF1 /* TodoTableViewController.swift */ = {isa = PBXFileReference; fileEncoding = 4; lastKnownFileType = sourcecode.swift; path = TodoTableViewController.swift; sourceTree = "<group>"; };
		3F7338061ECB33E600B0DB04 /* BookTitleViewController.swift */ = {isa = PBXFileReference; fileEncoding = 4; lastKnownFileType = sourcecode.swift; path = BookTitleViewController.swift; sourceTree = "<group>"; };
		3F7338261ECC77DD00B0DB04 /* BookSaving.storyboard */ = {isa = PBXFileReference; fileEncoding = 4; lastKnownFileType = file.storyboard; name = BookSaving.storyboard; path = ../BookSaving.storyboard; sourceTree = "<group>"; };
		3F74DAC01EAE32230074A729 /* BookScreen.storyboard */ = {isa = PBXFileReference; fileEncoding = 4; lastKnownFileType = file.storyboard; path = BookScreen.storyboard; sourceTree = "<group>"; };
		3F74DAC11EAE32230074A729 /* BookScreenController.swift */ = {isa = PBXFileReference; fileEncoding = 4; lastKnownFileType = sourcecode.swift; path = BookScreenController.swift; sourceTree = "<group>"; };
		3F74DAC21EAE32230074A729 /* RatingView.swift */ = {isa = PBXFileReference; fileEncoding = 4; lastKnownFileType = sourcecode.swift; path = RatingView.swift; sourceTree = "<group>"; };
		3F74DAC31EAE32230074A729 /* TimerPageController.swift */ = {isa = PBXFileReference; fileEncoding = 4; lastKnownFileType = sourcecode.swift; path = TimerPageController.swift; sourceTree = "<group>"; };
		3F74DAC91EAF86E00074A729 /* Annoying_Alarm_Clock.mp3 */ = {isa = PBXFileReference; lastKnownFileType = audio.mp3; path = Annoying_Alarm_Clock.mp3; sourceTree = "<group>"; };
		3F78F0011E8EAEF100091FBE /* iOSGroupProject.app */ = {isa = PBXFileReference; explicitFileType = wrapper.application; includeInIndex = 0; path = iOSGroupProject.app; sourceTree = BUILT_PRODUCTS_DIR; };
		3F78F0041E8EAEF100091FBE /* AppDelegate.swift */ = {isa = PBXFileReference; lastKnownFileType = sourcecode.swift; path = AppDelegate.swift; sourceTree = "<group>"; };
		3F78F0061E8EAEF100091FBE /* ViewController.swift */ = {isa = PBXFileReference; lastKnownFileType = sourcecode.swift; path = ViewController.swift; sourceTree = "<group>"; };
		3F78F00B1E8EAEF100091FBE /* Assets.xcassets */ = {isa = PBXFileReference; lastKnownFileType = folder.assetcatalog; path = Assets.xcassets; sourceTree = "<group>"; };
		3F78F00E1E8EAEF100091FBE /* Base */ = {isa = PBXFileReference; lastKnownFileType = file.storyboard; name = Base; path = Base.lproj/LaunchScreen.storyboard; sourceTree = "<group>"; };
		3F78F0101E8EAEF100091FBE /* Info.plist */ = {isa = PBXFileReference; lastKnownFileType = text.plist.xml; path = Info.plist; sourceTree = "<group>"; };
		3FA5E9851ECDD07000390202 /* PictureViewController.swift */ = {isa = PBXFileReference; fileEncoding = 4; lastKnownFileType = sourcecode.swift; path = PictureViewController.swift; sourceTree = "<group>"; };
		3FCEE8171EC9DDA400BE725D /* Avatar.storyboard */ = {isa = PBXFileReference; fileEncoding = 4; lastKnownFileType = file.storyboard; name = Avatar.storyboard; path = ../Avatar.storyboard; sourceTree = "<group>"; };
		3FCEE8191EC9DDAE00BE725D /* AvatarCollectionViewCell.swift */ = {isa = PBXFileReference; fileEncoding = 4; lastKnownFileType = sourcecode.swift; name = AvatarCollectionViewCell.swift; path = ../AvatarCollectionViewCell.swift; sourceTree = "<group>"; };
		3FCEE81B1EC9DDB700BE725D /* AvatarSelectionViewController.swift */ = {isa = PBXFileReference; fileEncoding = 4; lastKnownFileType = sourcecode.swift; name = AvatarSelectionViewController.swift; path = ../AvatarSelectionViewController.swift; sourceTree = "<group>"; };
		3FCEE81D1EC9DDC600BE725D /* AvatarViewController.swift */ = {isa = PBXFileReference; fileEncoding = 4; lastKnownFileType = sourcecode.swift; name = AvatarViewController.swift; path = ../AvatarViewController.swift; sourceTree = "<group>"; };
		3FCEE81F1EC9DDF200BE725D /* HomeViewController.swift */ = {isa = PBXFileReference; fileEncoding = 4; lastKnownFileType = sourcecode.swift; name = HomeViewController.swift; path = ../HomeViewController.swift; sourceTree = "<group>"; };
		3FCEE8271EC9DE3000BE725D /* WelcomeViewController.swift */ = {isa = PBXFileReference; fileEncoding = 4; lastKnownFileType = sourcecode.swift; name = WelcomeViewController.swift; path = ../WelcomeViewController.swift; sourceTree = "<group>"; };
		3FCEE8291EC9E0DB00BE725D /* Main.storyboard */ = {isa = PBXFileReference; fileEncoding = 4; lastKnownFileType = file.storyboard; path = Main.storyboard; sourceTree = "<group>"; };
		3FE6BB341EE78C2400231940 /* TutorialViewController.swift */ = {isa = PBXFileReference; fileEncoding = 4; lastKnownFileType = sourcecode.swift; path = TutorialViewController.swift; sourceTree = "<group>"; };
/* End PBXFileReference section */

/* Begin PBXFrameworksBuildPhase section */
		3F78EFFE1E8EAEF000091FBE /* Frameworks */ = {
			isa = PBXFrameworksBuildPhase;
			buildActionMask = 2147483647;
			files = (
			);
			runOnlyForDeploymentPostprocessing = 0;
		};
/* End PBXFrameworksBuildPhase section */

/* Begin PBXGroup section */
		3F1D07311EA79087009A0A10 /* SWRevealViewController */ = {
			isa = PBXGroup;
			children = (
				3F1D072F1EA7907A009A0A10 /* SWRevealViewController.m */,
				3F1D072E1EA7907A009A0A10 /* SWRevealViewController.h */,
				3F1D072D1EA7907A009A0A10 /* SidebarMenu-Bridging-Header.h */,
			);
			name = SWRevealViewController;
			sourceTree = "<group>";
		};
		3F63173A1EE7527A00E12DF1 /* Local Notifications */ = {
			isa = PBXGroup;
			children = (
				3F63173B1EE7528E00E12DF1 /* LocalNotifications */,
			);
			name = "Local Notifications";
			sourceTree = "<group>";
		};
		3F63173B1EE7528E00E12DF1 /* LocalNotifications */ = {
			isa = PBXGroup;
			children = (
				3F63173D1EE7528E00E12DF1 /* LaunchScreen.xib */,
				3F63173F1EE7528E00E12DF1 /* Main2.storyboard */,
				3F6317411EE7528E00E12DF1 /* Images.xcassets */,
				3F6317421EE7528E00E12DF1 /* Info.plist */,
				3F6317431EE7528E00E12DF1 /* TodoItem.swift */,
				3F6317441EE7528E00E12DF1 /* TodoList.swift */,
				3F6317451EE7528E00E12DF1 /* TodoSchedulingViewController.swift */,
				3F6317461EE7528E00E12DF1 /* TodoTableViewController.swift */,
			);
			name = LocalNotifications;
			path = LocalNotificationsTutorial;
			sourceTree = "<group>";
		};
		3F74DAC81EAE32400074A729 /* Book Screen */ = {
			isa = PBXGroup;
			children = (
				3F74DAC91EAF86E00074A729 /* Annoying_Alarm_Clock.mp3 */,
				3F74DAC01EAE32230074A729 /* BookScreen.storyboard */,
				3F1729451EE9DC26000986DB /* PagesReadController.swift */,
				3F17293F1EE58753000986DB /* SignatureController.swift */,
				3F1562FC1EBB593400303C60 /* BookViewCell.swift */,
				3F1562FA1EBB563700303C60 /* BooksViewerController.swift */,
				3F74DAC11EAE32230074A729 /* BookScreenController.swift */,
				3F74DAC21EAE32230074A729 /* RatingView.swift */,
				3F74DAC31EAE32230074A729 /* TimerPageController.swift */,
				3F7338061ECB33E600B0DB04 /* BookTitleViewController.swift */,
				3F7338261ECC77DD00B0DB04 /* BookSaving.storyboard */,
				3FA5E9851ECDD07000390202 /* PictureViewController.swift */,
				3FE6BB341EE78C2400231940 /* TutorialViewController.swift */,
			);
			name = "Book Screen";
			sourceTree = "<group>";
		};
		3F78EFF81E8EAEF000091FBE = {
			isa = PBXGroup;
			children = (
				3F78F0031E8EAEF100091FBE /* iOSGroupProject */,
			);
			sourceTree = "<group>";
		};
		3F78F0021E8EAEF100091FBE /* Products */ = {
			isa = PBXGroup;
			children = (
				3F78F0011E8EAEF100091FBE /* iOSGroupProject.app */,
			);
			name = Products;
			path = ..;
			sourceTree = "<group>";
		};
		3F78F0031E8EAEF100091FBE /* iOSGroupProject */ = {
			isa = PBXGroup;
			children = (
				3F63173A1EE7527A00E12DF1 /* Local Notifications */,
				3F74DAC81EAE32400074A729 /* Book Screen */,
				3F1D07311EA79087009A0A10 /* SWRevealViewController */,
				3F78F0041E8EAEF100091FBE /* AppDelegate.swift */,
				3F0A693D1EB3950500846E35 /* CoreData.xcdatamodeld */,
				3F78F0061E8EAEF100091FBE /* ViewController.swift */,
				3FCEE82D1EC9E32A00BE725D /* Avatar */,
				3FCEE81F1EC9DDF200BE725D /* HomeViewController.swift */,
				3FCEE82E1EC9E34700BE725D /* Tutorial */,
				3FCEE8291EC9E0DB00BE725D /* Main.storyboard */,
				3FB165641ECB280A0013FCA3 /* Hamburger Menu */,
				3F78F00B1E8EAEF100091FBE /* Assets.xcassets */,
				3F78F00D1E8EAEF100091FBE /* LaunchScreen.storyboard */,
				3F78F0101E8EAEF100091FBE /* Info.plist */,
				3F1D072C1EA79079009A0A10 /* iOSGroupProject-Bridging-Header.h */,
				3F78F0021E8EAEF100091FBE /* Products */,
			);
			path = iOSGroupProject;
			sourceTree = "<group>";
		};
		3FB165641ECB280A0013FCA3 /* Hamburger Menu */ = {
			isa = PBXGroup;
			children = (
				3F52DE651EA8729C00883FAF /* MenuController.swift */,
				3F1D073A1EA798EC009A0A10 /* CreditsViewController.swift */,
				3F1D07381EA798E0009A0A10 /* CalendarViewController.swift */,
				3F1D07361EA798D8009A0A10 /* AchievementsViewController.swift */,
				3F1D07341EA798C8009A0A10 /* LibraryViewController.swift */,
				3FCEE8271EC9DE3000BE725D /* WelcomeViewController.swift */,
			);
			name = "Hamburger Menu";
			sourceTree = "<group>";
		};
		3FCEE82D1EC9E32A00BE725D /* Avatar */ = {
			isa = PBXGroup;
			children = (
				3FCEE8191EC9DDAE00BE725D /* AvatarCollectionViewCell.swift */,
				3FCEE81D1EC9DDC600BE725D /* AvatarViewController.swift */,
				3FCEE81B1EC9DDB700BE725D /* AvatarSelectionViewController.swift */,
				3FCEE8171EC9DDA400BE725D /* Avatar.storyboard */,
			);
			name = Avatar;
			sourceTree = "<group>";
		};
		3FCEE82E1EC9E34700BE725D /* Tutorial */ = {
			isa = PBXGroup;
			children = (
				3FCEE8271EC9DE3000BE725D /* WelcomeViewController.swift */,
			);
			name = Tutorial;
			sourceTree = "<group>";
		};
/* End PBXGroup section */

/* Begin PBXNativeTarget section */
		3F78F0001E8EAEF000091FBE /* iOSGroupProject */ = {
			isa = PBXNativeTarget;
			buildConfigurationList = 3F78F0131E8EAEF100091FBE /* Build configuration list for PBXNativeTarget "iOSGroupProject" */;
			buildPhases = (
				3F78EFFD1E8EAEF000091FBE /* Sources */,
				3F78EFFE1E8EAEF000091FBE /* Frameworks */,
				3F78EFFF1E8EAEF000091FBE /* Resources */,
			);
			buildRules = (
			);
			dependencies = (
			);
			name = iOSGroupProject;
			productName = iOSGroupProject;
			productReference = 3F78F0011E8EAEF100091FBE /* iOSGroupProject.app */;
			productType = "com.apple.product-type.application";
		};
/* End PBXNativeTarget section */

/* Begin PBXProject section */
		3F78EFF91E8EAEF000091FBE /* Project object */ = {
			isa = PBXProject;
			attributes = {
				LastSwiftUpdateCheck = 0820;
				LastUpgradeCheck = 0820;
				ORGANIZATIONNAME = "Ishan Student";
				TargetAttributes = {
					3F78F0001E8EAEF000091FBE = {
						CreatedOnToolsVersion = 8.2.1;
						DevelopmentTeam = D9Z874PM38;
						LastSwiftMigration = 0820;
						ProvisioningStyle = Automatic;
					};
				};
			};
			buildConfigurationList = 3F78EFFC1E8EAEF000091FBE /* Build configuration list for PBXProject "iOSGroupProject" */;
			compatibilityVersion = "Xcode 3.2";
			developmentRegion = English;
			hasScannedForEncodings = 0;
			knownRegions = (
				en,
				Base,
			);
			mainGroup = 3F78EFF81E8EAEF000091FBE;
			productRefGroup = 3F78F0021E8EAEF100091FBE /* Products */;
			projectDirPath = "";
			projectRoot = "";
			targets = (
				3F78F0001E8EAEF000091FBE /* iOSGroupProject */,
			);
		};
/* End PBXProject section */

/* Begin PBXResourcesBuildPhase section */
		3F78EFFF1E8EAEF000091FBE /* Resources */ = {
			isa = PBXResourcesBuildPhase;
			buildActionMask = 2147483647;
			files = (
				3F63174B1EE7528E00E12DF1 /* Info.plist in Resources */,
				3F78F00F1E8EAEF100091FBE /* LaunchScreen.storyboard in Resources */,
				3F78F00C1E8EAEF100091FBE /* Assets.xcassets in Resources */,
				3F74DACA1EAF86E00074A729 /* Annoying_Alarm_Clock.mp3 in Resources */,
				3F1562FF1EC23B3E00303C60 /* BookSelection.storyboard in Resources */,
				3F63174A1EE7528E00E12DF1 /* Images.xcassets in Resources */,
				3FCEE8181EC9DDA400BE725D /* Avatar.storyboard in Resources */,
				3F6317491EE7528E00E12DF1 /* Main2.storyboard in Resources */,
				3FCEE82A1EC9E0DB00BE725D /* Main.storyboard in Resources */,
				3F6317481EE7528E00E12DF1 /* LaunchScreen.xib in Resources */,
				3FCEE8221EC9DE0D00BE725D /* tutorial.storyboard in Resources */,
				3F74DAC41EAE32230074A729 /* BookScreen.storyboard in Resources */,
				3F7338271ECC77DD00B0DB04 /* BookSaving.storyboard in Resources */,
			);
			runOnlyForDeploymentPostprocessing = 0;
		};
/* End PBXResourcesBuildPhase section */

/* Begin PBXSourcesBuildPhase section */
		3F78EFFD1E8EAEF000091FBE /* Sources */ = {
			isa = PBXSourcesBuildPhase;
			buildActionMask = 2147483647;
			files = (
				3F63174F1EE7528E00E12DF1 /* TodoTableViewController.swift in Sources */,
				3F63174C1EE7528E00E12DF1 /* TodoItem.swift in Sources */,
				3F74DAC61EAE32230074A729 /* RatingView.swift in Sources */,
				3FA5E9861ECDD07000390202 /* PictureViewController.swift in Sources */,
				3F74DAC51EAE32230074A729 /* BookScreenController.swift in Sources */,
				3F1729461EE9DC26000986DB /* PagesReadController.swift in Sources */,
				3FCEE8201EC9DDF200BE725D /* HomeViewController.swift in Sources */,
				3F63174E1EE7528E00E12DF1 /* TodoSchedulingViewController.swift in Sources */,
				3F1562FB1EBB563700303C60 /* BooksViewerController.swift in Sources */,
				3F1729401EE58753000986DB /* SignatureController.swift in Sources */,
				3F7338071ECB33E600B0DB04 /* BookTitleViewController.swift in Sources */,
				3FCEE81C1EC9DDB700BE725D /* AvatarSelectionViewController.swift in Sources */,
				3FCEE8281EC9DE3000BE725D /* WelcomeViewController.swift in Sources */,
				3F1D07371EA798D8009A0A10 /* AchievementsViewController.swift in Sources */,
				3FCEE81E1EC9DDC600BE725D /* AvatarViewController.swift in Sources */,
				3F0A693F1EB3950500846E35 /* CoreData.xcdatamodeld in Sources */,
				3F52DE661EA8729C00883FAF /* MenuController.swift in Sources */,
				3F63174D1EE7528E00E12DF1 /* TodoList.swift in Sources */,
				3F78F0071E8EAEF100091FBE /* ViewController.swift in Sources */,
				3F1D07351EA798C8009A0A10 /* LibraryViewController.swift in Sources */,
				3F74DAC71EAE32230074A729 /* TimerPageController.swift in Sources */,
				3F1D073B1EA798EC009A0A10 /* CreditsViewController.swift in Sources */,
				3F78F0051E8EAEF100091FBE /* AppDelegate.swift in Sources */,
				3F1D07301EA7907A009A0A10 /* SWRevealViewController.m in Sources */,
				3F1562FD1EBB593400303C60 /* BookViewCell.swift in Sources */,
				3F1D07391EA798E0009A0A10 /* CalendarViewController.swift in Sources */,
				3FE6BB351EE78C2400231940 /* TutorialViewController.swift in Sources */,
				3FCEE81A1EC9DDAE00BE725D /* AvatarCollectionViewCell.swift in Sources */,
			);
			runOnlyForDeploymentPostprocessing = 0;
		};
/* End PBXSourcesBuildPhase section */

/* Begin PBXVariantGroup section */
		3F63173D1EE7528E00E12DF1 /* LaunchScreen.xib */ = {
			isa = PBXVariantGroup;
			children = (
				3F63173E1EE7528E00E12DF1 /* Base */,
			);
			name = LaunchScreen.xib;
			sourceTree = "<group>";
		};
		3F63173F1EE7528E00E12DF1 /* Main2.storyboard */ = {
			isa = PBXVariantGroup;
			children = (
				3F6317401EE7528E00E12DF1 /* Base */,
			);
			name = Main2.storyboard;
			sourceTree = "<group>";
		};
		3F78F00D1E8EAEF100091FBE /* LaunchScreen.storyboard */ = {
			isa = PBXVariantGroup;
			children = (
				3F78F00E1E8EAEF100091FBE /* Base */,
			);
			name = LaunchScreen.storyboard;
			sourceTree = "<group>";
		};
/* End PBXVariantGroup section */

/* Begin XCBuildConfiguration section */
		3F78F0111E8EAEF100091FBE /* Debug */ = {
			isa = XCBuildConfiguration;
			buildSettings = {
				ALWAYS_SEARCH_USER_PATHS = NO;
				CLANG_ANALYZER_NONNULL = YES;
				CLANG_CXX_LANGUAGE_STANDARD = "gnu++0x";
				CLANG_CXX_LIBRARY = "libc++";
				CLANG_ENABLE_MODULES = YES;
				CLANG_ENABLE_OBJC_ARC = YES;
				CLANG_WARN_BOOL_CONVERSION = YES;
				CLANG_WARN_CONSTANT_CONVERSION = YES;
				CLANG_WARN_DIRECT_OBJC_ISA_USAGE = YES_ERROR;
				CLANG_WARN_DOCUMENTATION_COMMENTS = YES;
				CLANG_WARN_EMPTY_BODY = YES;
				CLANG_WARN_ENUM_CONVERSION = YES;
				CLANG_WARN_INFINITE_RECURSION = YES;
				CLANG_WARN_INT_CONVERSION = YES;
				CLANG_WARN_OBJC_ROOT_CLASS = YES_ERROR;
				CLANG_WARN_SUSPICIOUS_MOVE = YES;
				CLANG_WARN_UNREACHABLE_CODE = YES;
				CLANG_WARN__DUPLICATE_METHOD_MATCH = YES;
				"CODE_SIGN_IDENTITY[sdk=iphoneos*]" = "iPhone Developer";
				COPY_PHASE_STRIP = NO;
				DEBUG_INFORMATION_FORMAT = dwarf;
				ENABLE_STRICT_OBJC_MSGSEND = YES;
				ENABLE_TESTABILITY = YES;
				GCC_C_LANGUAGE_STANDARD = gnu99;
				GCC_DYNAMIC_NO_PIC = NO;
				GCC_NO_COMMON_BLOCKS = YES;
				GCC_OPTIMIZATION_LEVEL = 0;
				GCC_PREPROCESSOR_DEFINITIONS = (
					"DEBUG=1",
					"$(inherited)",
				);
				GCC_WARN_64_TO_32_BIT_CONVERSION = YES;
				GCC_WARN_ABOUT_RETURN_TYPE = YES_ERROR;
				GCC_WARN_UNDECLARED_SELECTOR = YES;
				GCC_WARN_UNINITIALIZED_AUTOS = YES_AGGRESSIVE;
				GCC_WARN_UNUSED_FUNCTION = YES;
				GCC_WARN_UNUSED_VARIABLE = YES;
				IPHONEOS_DEPLOYMENT_TARGET = 10.2;
				MTL_ENABLE_DEBUG_INFO = YES;
				ONLY_ACTIVE_ARCH = YES;
				SDKROOT = iphoneos;
				SWIFT_ACTIVE_COMPILATION_CONDITIONS = DEBUG;
				SWIFT_OPTIMIZATION_LEVEL = "-Onone";
				TARGETED_DEVICE_FAMILY = "1,2";
			};
			name = Debug;
		};
		3F78F0121E8EAEF100091FBE /* Release */ = {
			isa = XCBuildConfiguration;
			buildSettings = {
				ALWAYS_SEARCH_USER_PATHS = NO;
				CLANG_ANALYZER_NONNULL = YES;
				CLANG_CXX_LANGUAGE_STANDARD = "gnu++0x";
				CLANG_CXX_LIBRARY = "libc++";
				CLANG_ENABLE_MODULES = YES;
				CLANG_ENABLE_OBJC_ARC = YES;
				CLANG_WARN_BOOL_CONVERSION = YES;
				CLANG_WARN_CONSTANT_CONVERSION = YES;
				CLANG_WARN_DIRECT_OBJC_ISA_USAGE = YES_ERROR;
				CLANG_WARN_DOCUMENTATION_COMMENTS = YES;
				CLANG_WARN_EMPTY_BODY = YES;
				CLANG_WARN_ENUM_CONVERSION = YES;
				CLANG_WARN_INFINITE_RECURSION = YES;
				CLANG_WARN_INT_CONVERSION = YES;
				CLANG_WARN_OBJC_ROOT_CLASS = YES_ERROR;
				CLANG_WARN_SUSPICIOUS_MOVE = YES;
				CLANG_WARN_UNREACHABLE_CODE = YES;
				CLANG_WARN__DUPLICATE_METHOD_MATCH = YES;
				"CODE_SIGN_IDENTITY[sdk=iphoneos*]" = "iPhone Developer";
				COPY_PHASE_STRIP = NO;
				DEBUG_INFORMATION_FORMAT = "dwarf-with-dsym";
				ENABLE_NS_ASSERTIONS = NO;
				ENABLE_STRICT_OBJC_MSGSEND = YES;
				GCC_C_LANGUAGE_STANDARD = gnu99;
				GCC_NO_COMMON_BLOCKS = YES;
				GCC_WARN_64_TO_32_BIT_CONVERSION = YES;
				GCC_WARN_ABOUT_RETURN_TYPE = YES_ERROR;
				GCC_WARN_UNDECLARED_SELECTOR = YES;
				GCC_WARN_UNINITIALIZED_AUTOS = YES_AGGRESSIVE;
				GCC_WARN_UNUSED_FUNCTION = YES;
				GCC_WARN_UNUSED_VARIABLE = YES;
				IPHONEOS_DEPLOYMENT_TARGET = 10.2;
				MTL_ENABLE_DEBUG_INFO = NO;
				SDKROOT = iphoneos;
				SWIFT_OPTIMIZATION_LEVEL = "-Owholemodule";
				TARGETED_DEVICE_FAMILY = "1,2";
				VALIDATE_PRODUCT = YES;
			};
			name = Release;
		};
		3F78F0141E8EAEF100091FBE /* Debug */ = {
			isa = XCBuildConfiguration;
			buildSettings = {
				ASSETCATALOG_COMPILER_APPICON_NAME = AppIcon;
				CLANG_ENABLE_MODULES = YES;
				DEVELOPMENT_TEAM = D9Z874PM38;
				INFOPLIST_FILE = iOSGroupProject/Info.plist;
				IPHONEOS_DEPLOYMENT_TARGET = 10.2;
				LD_RUNPATH_SEARCH_PATHS = "$(inherited) @executable_path/Frameworks";
				PRODUCT_BUNDLE_IDENTIFIER = CHCI.iOSGroupProject;
				PRODUCT_NAME = "$(TARGET_NAME)";
				SWIFT_OBJC_BRIDGING_HEADER = "iOSGroupProject/iOSGroupProject-Bridging-Header.h";
				SWIFT_OPTIMIZATION_LEVEL = "-Onone";
				SWIFT_VERSION = 3.0;
			};
			name = Debug;
		};
		3F78F0151E8EAEF100091FBE /* Release */ = {
			isa = XCBuildConfiguration;
			buildSettings = {
				ASSETCATALOG_COMPILER_APPICON_NAME = AppIcon;
				CLANG_ENABLE_MODULES = YES;
				DEVELOPMENT_TEAM = D9Z874PM38;
				INFOPLIST_FILE = iOSGroupProject/Info.plist;
				IPHONEOS_DEPLOYMENT_TARGET = 10.2;
				LD_RUNPATH_SEARCH_PATHS = "$(inherited) @executable_path/Frameworks";
				PRODUCT_BUNDLE_IDENTIFIER = CHCI.iOSGroupProject;
				PRODUCT_NAME = "$(TARGET_NAME)";
				SWIFT_OBJC_BRIDGING_HEADER = "iOSGroupProject/iOSGroupProject-Bridging-Header.h";
				SWIFT_VERSION = 3.0;
			};
			name = Release;
		};
/* End XCBuildConfiguration section */

/* Begin XCConfigurationList section */
		3F78EFFC1E8EAEF000091FBE /* Build configuration list for PBXProject "iOSGroupProject" */ = {
			isa = XCConfigurationList;
			buildConfigurations = (
				3F78F0111E8EAEF100091FBE /* Debug */,
				3F78F0121E8EAEF100091FBE /* Release */,
			);
			defaultConfigurationIsVisible = 0;
			defaultConfigurationName = Release;
		};
		3F78F0131E8EAEF100091FBE /* Build configuration list for PBXNativeTarget "iOSGroupProject" */ = {
			isa = XCConfigurationList;
			buildConfigurations = (
				3F78F0141E8EAEF100091FBE /* Debug */,
				3F78F0151E8EAEF100091FBE /* Release */,
			);
			defaultConfigurationIsVisible = 0;
			defaultConfigurationName = Release;
		};
/* End XCConfigurationList section */

/* Begin XCVersionGroup section */
		3F0A693D1EB3950500846E35 /* CoreData.xcdatamodeld */ = {
			isa = XCVersionGroup;
			children = (
				3F0A693E1EB3950500846E35 /* CoreData.xcdatamodel */,
			);
			currentVersion = 3F0A693E1EB3950500846E35 /* CoreData.xcdatamodel */;
			path = CoreData.xcdatamodeld;
			sourceTree = "<group>";
			versionGroupType = wrapper.xcdatamodel;
		};
/* End XCVersionGroup section */
	};
	rootObject = 3F78EFF91E8EAEF000091FBE /* Project object */;
}
